
Microsoft Visual Studio Solution File, Format Version 12.00
# Visual Studio Version 16
VisualStudioVersion = 16.0.31129.286
MinimumVisualStudioVersion = 10.0.40219.1
Project("{9A19103F-16F7-4668-BE54-9A1E7A4F7556}") = "API", "API\API.csproj", "{EE7E119C-6C62-4F0B-B6B2-2CCA41324997}"
EndProject
Project("{9A19103F-16F7-4668-BE54-9A1E7A4F7556}") = "Entidad", "Entidad\Entidad.csproj", "{595D2387-F25E-4B54-B9C4-5FEB4C0FEE0A}"
EndProject
Project("{9A19103F-16F7-4668-BE54-9A1E7A4F7556}") = "Negocio", "Negocio\Negocio.csproj", "{66AB66B2-3540-44CC-828D-05A3DE719940}"
EndProject
Project("{9A19103F-16F7-4668-BE54-9A1E7A4F7556}") = "Datos", "Acceso\Datos.csproj", "{851C8E4D-9119-4528-89B1-2E40E5E2A2E5}"
EndProject
Project("{9A19103F-16F7-4668-BE54-9A1E7A4F7556}") = "Web", "Web\Web.csproj", "{7B4C2ED9-9CA5-481E-AC5F-237371171DBC}"
EndProject
Global
	GlobalSection(SolutionConfigurationPlatforms) = preSolution
		Debug|Any CPU = Debug|Any CPU
		Release|Any CPU = Release|Any CPU
	EndGlobalSection
	GlobalSection(ProjectConfigurationPlatforms) = postSolution
		{EE7E119C-6C62-4F0B-B6B2-2CCA41324997}.Debug|Any CPU.ActiveCfg = Debug|Any CPU
		{EE7E119C-6C62-4F0B-B6B2-2CCA41324997}.Debug|Any CPU.Build.0 = Debug|Any CPU
		{EE7E119C-6C62-4F0B-B6B2-2CCA41324997}.Release|Any CPU.ActiveCfg = Release|Any CPU
		{EE7E119C-6C62-4F0B-B6B2-2CCA41324997}.Release|Any CPU.Build.0 = Release|Any CPU
		{595D2387-F25E-4B54-B9C4-5FEB4C0FEE0A}.Debug|Any CPU.ActiveCfg = Debug|Any CPU
		{595D2387-F25E-4B54-B9C4-5FEB4C0FEE0A}.Debug|Any CPU.Build.0 = Debug|Any CPU
		{595D2387-F25E-4B54-B9C4-5FEB4C0FEE0A}.Release|Any CPU.ActiveCfg = Release|Any CPU
		{595D2387-F25E-4B54-B9C4-5FEB4C0FEE0A}.Release|Any CPU.Build.0 = Release|Any CPU
		{66AB66B2-3540-44CC-828D-05A3DE719940}.Debug|Any CPU.ActiveCfg = Debug|Any CPU
		{66AB66B2-3540-44CC-828D-05A3DE719940}.Debug|Any CPU.Build.0 = Debug|Any CPU
		{66AB66B2-3540-44CC-828D-05A3DE719940}.Release|Any CPU.ActiveCfg = Release|Any CPU
		{66AB66B2-3540-44CC-828D-05A3DE719940}.Release|Any CPU.Build.0 = Release|Any CPU
		{851C8E4D-9119-4528-89B1-2E40E5E2A2E5}.Debug|Any CPU.ActiveCfg = Debug|Any CPU
		{851C8E4D-9119-4528-89B1-2E40E5E2A2E5}.Debug|Any CPU.Build.0 = Debug|Any CPU
		{851C8E4D-9119-4528-89B1-2E40E5E2A2E5}.Release|Any CPU.ActiveCfg = Release|Any CPU
		{851C8E4D-9119-4528-89B1-2E40E5E2A2E5}.Release|Any CPU.Build.0 = Release|Any CPU
		{7B4C2ED9-9CA5-481E-AC5F-237371171DBC}.Debug|Any CPU.ActiveCfg = Debug|Any CPU
		{7B4C2ED9-9CA5-481E-AC5F-237371171DBC}.Debug|Any CPU.Build.0 = Debug|Any CPU
		{7B4C2ED9-9CA5-481E-AC5F-237371171DBC}.Release|Any CPU.ActiveCfg = Release|Any CPU
		{7B4C2ED9-9CA5-481E-AC5F-237371171DBC}.Release|Any CPU.Build.0 = Release|Any CPU
	EndGlobalSection
	GlobalSection(SolutionProperties) = preSolution
		HideSolutionNode = FALSE
	EndGlobalSection
	GlobalSection(ExtensibilityGlobals) = postSolution
		SolutionGuid = {D0D29854-1403-43E4-832A-F3E710E57B7D}
	EndGlobalSection
EndGlobal
